
Microsoft Visual Studio Solution File, Format Version 12.00
# Visual Studio Version 17
VisualStudioVersion = 17.5.33516.290
MinimumVisualStudioVersion = 10.0.40219.1
Project("{FAE04EC0-301F-11D3-BF4B-00C04F79EFBC}") = "Vistas", "Telcel\Vistas.csproj", "{7685BDF1-8D47-4E42-8BE4-4FF57C15252E}"
EndProject
Global
	GlobalSection(SolutionConfigurationPlatforms) = preSolution
		Debug|Any CPU = Debug|Any CPU
		Release|Any CPU = Release|Any CPU
	EndGlobalSection
	GlobalSection(ProjectConfigurationPlatforms) = postSolution
		{7685BDF1-8D47-4E42-8BE4-4FF57C15252E}.Debug|Any CPU.ActiveCfg = Debug|Any CPU
		{7685BDF1-8D47-4E42-8BE4-4FF57C15252E}.Debug|Any CPU.Build.0 = Debug|Any CPU
		{7685BDF1-8D47-4E42-8BE4-4FF57C15252E}.Release|Any CPU.ActiveCfg = Release|Any CPU
		{7685BDF1-8D47-4E42-8BE4-4FF57C15252E}.Release|Any CPU.Build.0 = Release|Any CPU
	EndGlobalSection
	GlobalSection(SolutionProperties) = preSolution
		HideSolutionNode = FALSE
	EndGlobalSection
	GlobalSection(ExtensibilityGlobals) = postSolution
		SolutionGuid = {A4E6E7A1-17F3-4C17-A42C-E711C5A1898C}
	EndGlobalSection
EndGlobal
